// !$*UTF8*$!
{
	archiveVersion = 1;
	classes = {
	};
	objectVersion = 50;
	objects = {

/* Begin PBXBuildFile section */
		15226E32209B20D0001B5C90 /* AppDelegate.swift in Sources */ = {isa = PBXBuildFile; fileRef = 15226E31209B20D0001B5C90 /* AppDelegate.swift */; };
		15226E34209B20D0001B5C90 /* ViewController.swift in Sources */ = {isa = PBXBuildFile; fileRef = 15226E33209B20D0001B5C90 /* ViewController.swift */; };
		15226E37209B20D0001B5C90 /* Main.storyboard in Resources */ = {isa = PBXBuildFile; fileRef = 15226E35209B20D0001B5C90 /* Main.storyboard */; };
		15226E39209B20D1001B5C90 /* Assets.xcassets in Resources */ = {isa = PBXBuildFile; fileRef = 15226E38209B20D1001B5C90 /* Assets.xcassets */; };
		15226E3C209B20D1001B5C90 /* LaunchScreen.storyboard in Resources */ = {isa = PBXBuildFile; fileRef = 15226E3A209B20D1001B5C90 /* LaunchScreen.storyboard */; };
		73C9D15DA117756A4C255C36 /* Pods_simpleRxSwift.framework in Frameworks */ = {isa = PBXBuildFile; fileRef = 6D5EEDD22383F754AD952AB0 /* Pods_simpleRxSwift.framework */; };
/* End PBXBuildFile section */

/* Begin PBXFileReference section */
		15226E2E209B20D0001B5C90 /* simpleRxSwift.app */ = {isa = PBXFileReference; explicitFileType = wrapper.application; includeInIndex = 0; path = simpleRxSwift.app; sourceTree = BUILT_PRODUCTS_DIR; };
		15226E31209B20D0001B5C90 /* AppDelegate.swift */ = {isa = PBXFileReference; lastKnownFileType = sourcecode.swift; path = AppDelegate.swift; sourceTree = "<group>"; };
		15226E33209B20D0001B5C90 /* ViewController.swift */ = {isa = PBXFileReference; lastKnownFileType = sourcecode.swift; path = ViewController.swift; sourceTree = "<group>"; };
		15226E36209B20D0001B5C90 /* Base */ = {isa = PBXFileReference; lastKnownFileType = file.storyboard; name = Base; path = Base.lproj/Main.storyboard; sourceTree = "<group>"; };
		15226E38209B20D1001B5C90 /* Assets.xcassets */ = {isa = PBXFileReference; lastKnownFileType = folder.assetcatalog; path = Assets.xcassets; sourceTree = "<group>"; };
		15226E3B209B20D1001B5C90 /* Base */ = {isa = PBXFileReference; lastKnownFileType = file.storyboard; name = Base; path = Base.lproj/LaunchScreen.storyboard; sourceTree = "<group>"; };
		15226E3D209B20D1001B5C90 /* Info.plist */ = {isa = PBXFileReference; lastKnownFileType = text.plist.xml; path = Info.plist; sourceTree = "<group>"; };
		4272AC69DA012BEE339AA1E2 /* Pods-simpleRxSwift.release.xcconfig */ = {isa = PBXFileReference; includeInIndex = 1; lastKnownFileType = text.xcconfig; name = "Pods-simpleRxSwift.release.xcconfig"; path = "Pods/Target Support Files/Pods-simpleRxSwift/Pods-simpleRxSwift.release.xcconfig"; sourceTree = "<group>"; };
		6D5EEDD22383F754AD952AB0 /* Pods_simpleRxSwift.framework */ = {isa = PBXFileReference; explicitFileType = wrapper.framework; includeInIndex = 0; path = Pods_simpleRxSwift.framework; sourceTree = BUILT_PRODUCTS_DIR; };
		976F29E901CA186A5E77D189 /* Pods-simpleRxSwift.debug.xcconfig */ = {isa = PBXFileReference; includeInIndex = 1; lastKnownFileType = text.xcconfig; name = "Pods-simpleRxSwift.debug.xcconfig"; path = "Pods/Target Support Files/Pods-simpleRxSwift/Pods-simpleRxSwift.debug.xcconfig"; sourceTree = "<group>"; };
/* End PBXFileReference section */

/* Begin PBXFrameworksBuildPhase section */
		15226E2B209B20D0001B5C90 /* Frameworks */ = {
			isa = PBXFrameworksBuildPhase;
			buildActionMask = 2147483647;
			files = (
				73C9D15DA117756A4C255C36 /* Pods_simpleRxSwift.framework in Frameworks */,
			);
			runOnlyForDeploymentPostprocessing = 0;
		};
/* End PBXFrameworksBuildPhase section */

/* Begin PBXGroup section */
		15226E25209B20D0001B5C90 = {
			isa = PBXGroup;
			children = (
				15226E30209B20D0001B5C90 /* simpleRxSwift */,
				15226E2F209B20D0001B5C90 /* Products */,
				B6BF0BB87F76AE668CD34EB6 /* Pods */,
				22890E0DECC316517ADEB55A /* Frameworks */,
			);
			sourceTree = "<group>";
		};
		15226E2F209B20D0001B5C90 /* Products */ = {
			isa = PBXGroup;
			children = (
				15226E2E209B20D0001B5C90 /* simpleRxSwift.app */,
			);
			name = Products;
			sourceTree = "<group>";
		};
		15226E30209B20D0001B5C90 /* simpleRxSwift */ = {
			isa = PBXGroup;
			children = (
				15226E31209B20D0001B5C90 /* AppDelegate.swift */,
				15226E33209B20D0001B5C90 /* ViewController.swift */,
				15226E35209B20D0001B5C90 /* Main.storyboard */,
				15226E38209B20D1001B5C90 /* Assets.xcassets */,
				15226E3A209B20D1001B5C90 /* LaunchScreen.storyboard */,
				15226E3D209B20D1001B5C90 /* Info.plist */,
			);
			path = simpleRxSwift;
			sourceTree = "<group>";
		};
		22890E0DECC316517ADEB55A /* Frameworks */ = {
			isa = PBXGroup;
			children = (
				6D5EEDD22383F754AD952AB0 /* Pods_simpleRxSwift.framework */,
			);
			name = Frameworks;
			sourceTree = "<group>";
		};
		B6BF0BB87F76AE668CD34EB6 /* Pods */ = {
			isa = PBXGroup;
			children = (
				976F29E901CA186A5E77D189 /* Pods-simpleRxSwift.debug.xcconfig */,
				4272AC69DA012BEE339AA1E2 /* Pods-simpleRxSwift.release.xcconfig */,
			);
			name = Pods;
			sourceTree = "<group>";
		};
/* End PBXGroup section */

/* Begin PBXNativeTarget section */
		15226E2D209B20D0001B5C90 /* simpleRxSwift */ = {
			isa = PBXNativeTarget;
			buildConfigurationList = 15226E40209B20D1001B5C90 /* Build configuration list for PBXNativeTarget "simpleRxSwift" */;
			buildPhases = (
				07C4FE45A1FFDE524F4A7253 /* [CP] Check Pods Manifest.lock */,
				15226E2A209B20D0001B5C90 /* Sources */,
				15226E2B209B20D0001B5C90 /* Frameworks */,
				15226E2C209B20D0001B5C90 /* Resources */,
				6D4557246C7FE61E9A04174C /* [CP] Embed Pods Frameworks */,
			);
			buildRules = (
			);
			dependencies = (
			);
			name = simpleRxSwift;
			productName = simpleRxSwift;
			productReference = 15226E2E209B20D0001B5C90 /* simpleRxSwift.app */;
			productType = "com.apple.product-type.application";
		};
/* End PBXNativeTarget section */

/* Begin PBXProject section */
		15226E26209B20D0001B5C90 /* Project object */ = {
			isa = PBXProject;
			attributes = {
				LastSwiftUpdateCheck = 0930;
				LastUpgradeCheck = 0930;
				ORGANIZATIONNAME = "山口賢登";
				TargetAttributes = {
					15226E2D209B20D0001B5C90 = {
						CreatedOnToolsVersion = 9.3;
					};
				};
			};
			buildConfigurationList = 15226E29209B20D0001B5C90 /* Build configuration list for PBXProject "simpleRxSwift" */;
			compatibilityVersion = "Xcode 9.3";
			developmentRegion = en;
			hasScannedForEncodings = 0;
			knownRegions = (
				en,
				Base,
			);
			mainGroup = 15226E25209B20D0001B5C90;
			productRefGroup = 15226E2F209B20D0001B5C90 /* Products */;
			projectDirPath = "";
			projectRoot = "";
			targets = (
				15226E2D209B20D0001B5C90 /* simpleRxSwift */,
			);
		};
/* End PBXProject section */

/* Begin PBXResourcesBuildPhase section */
		15226E2C209B20D0001B5C90 /* Resources */ = {
			isa = PBXResourcesBuildPhase;
			buildActionMask = 2147483647;
			files = (
				15226E3C209B20D1001B5C90 /* LaunchScreen.storyboard in Resources */,
				15226E39209B20D1001B5C90 /* Assets.xcassets in Resources */,
				15226E37209B20D0001B5C90 /* Main.storyboard in Resources */,
			);
			runOnlyForDeploymentPostprocessing = 0;
		};
/* End PBXResourcesBuildPhase section */

/* Begin PBXShellScriptBuildPhase section */
		07C4FE45A1FFDE524F4A7253 /* [CP] Check Pods Manifest.lock */ = {
			isa = PBXShellScriptBuildPhase;
			buildActionMask = 2147483647;
			files = (
			);
			inputPaths = (
				"${PODS_PODFILE_DIR_PATH}/Podfile.lock",
				"${PODS_ROOT}/Manifest.lock",
			);
			name = "[CP] Check Pods Manifest.lock";
			outputPaths = (
				"$(DERIVED_FILE_DIR)/Pods-simpleRxSwift-checkManifestLockResult.txt",
			);
			runOnlyForDeploymentPostprocessing = 0;
			shellPath = /bin/sh;
			shellScript = "diff \"${PODS_PODFILE_DIR_PATH}/Podfile.lock\" \"${PODS_ROOT}/Manifest.lock\" > /dev/null\nif [ $? != 0 ] ; then\n    # print error to STDERR\n    echo \"error: The sandbox is not in sync with the Podfile.lock. Run 'pod install' or update your CocoaPods installation.\" >&2\n    exit 1\nfi\n# This output is used by Xcode 'outputs' to avoid re-running this script phase.\necho \"SUCCESS\" > \"${SCRIPT_OUTPUT_FILE_0}\"\n";
			showEnvVarsInLog = 0;
		};
		6D4557246C7FE61E9A04174C /* [CP] Embed Pods Frameworks */ = {
			isa = PBXShellScriptBuildPhase;
			buildActionMask = 2147483647;
			files = (
			);
			inputPaths = (
				"${SRCROOT}/Pods/Target Support Files/Pods-simpleRxSwift/Pods-simpleRxSwift-frameworks.sh",
				"${BUILT_PRODUCTS_DIR}/RxCocoa/RxCocoa.framework",
				"${BUILT_PRODUCTS_DIR}/RxSwift/RxSwift.framework",
			);
			name = "[CP] Embed Pods Frameworks";
			outputPaths = (
				"${TARGET_BUILD_DIR}/${FRAMEWORKS_FOLDER_PATH}/RxCocoa.framework",
				"${TARGET_BUILD_DIR}/${FRAMEWORKS_FOLDER_PATH}/RxSwift.framework",
			);
			runOnlyForDeploymentPostprocessing = 0;
			shellPath = /bin/sh;
			shellScript = "\"${SRCROOT}/Pods/Target Support Files/Pods-simpleRxSwift/Pods-simpleRxSwift-frameworks.sh\"\n";
			showEnvVarsInLog = 0;
		};
/* End PBXShellScriptBuildPhase section */

/* Begin PBXSourcesBuildPhase section */
		15226E2A209B20D0001B5C90 /* Sources */ = {
			isa = PBXSourcesBuildPhase;
			buildActionMask = 2147483647;
			files = (
				15226E34209B20D0001B5C90 /* ViewController.swift in Sources */,
				15226E32209B20D0001B5C90 /* AppDelegate.swift in Sources */,
			);
			runOnlyForDeploymentPostprocessing = 0;
		};
/* End PBXSourcesBuildPhase section */

/* Begin PBXVariantGroup section */
		15226E35209B20D0001B5C90 /* Main.storyboard */ = {
			isa = PBXVariantGroup;
			children = (
				15226E36209B20D0001B5C90 /* Base */,
			);
			name = Main.storyboard;
			sourceTree = "<group>";
		};
		15226E3A209B20D1001B5C90 /* LaunchScreen.storyboard */ = {
			isa = PBXVariantGroup;
			children = (
				15226E3B209B20D1001B5C90 /* Base */,
			);
			name = LaunchScreen.storyboard;
			sourceTree = "<group>";
		};
/* End PBXVariantGroup section */

/* Begin XCBuildConfiguration section */
		15226E3E209B20D1001B5C90 /* Debug */ = {
			isa = XCBuildConfiguration;
			buildSettings = {
				ALWAYS_SEARCH_USER_PATHS = NO;
				CLANG_ANALYZER_NONNULL = YES;
				CLANG_ANALYZER_NUMBER_OBJECT_CONVERSION = YES_AGGRESSIVE;
				CLANG_CXX_LANGUAGE_STANDARD = "gnu++14";
				CLANG_CXX_LIBRARY = "libc++";
				CLANG_ENABLE_MODULES = YES;
				CLANG_ENABLE_OBJC_ARC = YES;
				CLANG_ENABLE_OBJC_WEAK = YES;
				CLANG_WARN_BLOCK_CAPTURE_AUTORELEASING = YES;
				CLANG_WARN_BOOL_CONVERSION = YES;
				CLANG_WARN_COMMA = YES;
				CLANG_WARN_CONSTANT_CONVERSION = YES;
				CLANG_WARN_DEPRECATED_OBJC_IMPLEMENTATIONS = YES;
				CLANG_WARN_DIRECT_OBJC_ISA_USAGE = YES_ERROR;
				CLANG_WARN_DOCUMENTATION_COMMENTS = YES;
				CLANG_WARN_EMPTY_BODY = YES;
				CLANG_WARN_ENUM_CONVERSION = YES;
				CLANG_WARN_INFINITE_RECURSION = YES;
				CLANG_WARN_INT_CONVERSION = YES;
				CLANG_WARN_NON_LITERAL_NULL_CONVERSION = YES;
				CLANG_WARN_OBJC_IMPLICIT_RETAIN_SELF = YES;
				CLANG_WARN_OBJC_LITERAL_CONVERSION = YES;
				CLANG_WARN_OBJC_ROOT_CLASS = YES_ERROR;
				CLANG_WARN_RANGE_LOOP_ANALYSIS = YES;
				CLANG_WARN_STRICT_PROTOTYPES = YES;
				CLANG_WARN_SUSPICIOUS_MOVE = YES;
				CLANG_WARN_UNGUARDED_AVAILABILITY = YES_AGGRESSIVE;
				CLANG_WARN_UNREACHABLE_CODE = YES;
				CLANG_WARN__DUPLICATE_METHOD_MATCH = YES;
				CODE_SIGN_IDENTITY = "iPhone Developer";
				COPY_PHASE_STRIP = NO;
				DEBUG_INFORMATION_FORMAT = dwarf;
				ENABLE_STRICT_OBJC_MSGSEND = YES;
				ENABLE_TESTABILITY = YES;
				GCC_C_LANGUAGE_STANDARD = gnu11;
				GCC_DYNAMIC_NO_PIC = NO;
				GCC_NO_COMMON_BLOCKS = YES;
				GCC_OPTIMIZATION_LEVEL = 0;
				GCC_PREPROCESSOR_DEFINITIONS = (
					"DEBUG=1",
					"$(inherited)",
				);
				GCC_WARN_64_TO_32_BIT_CONVERSION = YES;
				GCC_WARN_ABOUT_RETURN_TYPE = YES_ERROR;
				GCC_WARN_UNDECLARED_SELECTOR = YES;
				GCC_WARN_UNINITIALIZED_AUTOS = YES_AGGRESSIVE;
				GCC_WARN_UNUSED_FUNCTION = YES;
				GCC_WARN_UNUSED_VARIABLE = YES;
				IPHONEOS_DEPLOYMENT_TARGET = 11.3;
				MTL_ENABLE_DEBUG_INFO = YES;
				ONLY_ACTIVE_ARCH = YES;
				SDKROOT = iphoneos;
				SWIFT_ACTIVE_COMPILATION_CONDITIONS = DEBUG;
				SWIFT_OPTIMIZATION_LEVEL = "-Onone";
			};
			name = Debug;
		};
		15226E3F209B20D1001B5C90 /* Release */ = {
			isa = XCBuildConfiguration;
			buildSettings = {
				ALWAYS_SEARCH_USER_PATHS = NO;
				CLANG_ANALYZER_NONNULL = YES;
				CLANG_ANALYZER_NUMBER_OBJECT_CONVERSION = YES_AGGRESSIVE;
				CLANG_CXX_LANGUAGE_STANDARD = "gnu++14";
				CLANG_CXX_LIBRARY = "libc++";
				CLANG_ENABLE_MODULES = YES;
				CLANG_ENABLE_OBJC_ARC = YES;
				CLANG_ENABLE_OBJC_WEAK = YES;
				CLANG_WARN_BLOCK_CAPTURE_AUTORELEASING = YES;
				CLANG_WARN_BOOL_CONVERSION = YES;
				CLANG_WARN_COMMA = YES;
				CLANG_WARN_CONSTANT_CONVERSION = YES;
				CLANG_WARN_DEPRECATED_OBJC_IMPLEMENTATIONS = YES;
				CLANG_WARN_DIRECT_OBJC_ISA_USAGE = YES_ERROR;
				CLANG_WARN_DOCUMENTATION_COMMENTS = YES;
				CLANG_WARN_EMPTY_BODY = YES;
				CLANG_WARN_ENUM_CONVERSION = YES;
				CLANG_WARN_INFINITE_RECURSION = YES;
				CLANG_WARN_INT_CONVERSION = YES;
				CLANG_WARN_NON_LITERAL_NULL_CONVERSION = YES;
				CLANG_WARN_OBJC_IMPLICIT_RETAIN_SELF = YES;
				CLANG_WARN_OBJC_LITERAL_CONVERSION = YES;
				CLANG_WARN_OBJC_ROOT_CLASS = YES_ERROR;
				CLANG_WARN_RANGE_LOOP_ANALYSIS = YES;
				CLANG_WARN_STRICT_PROTOTYPES = YES;
				CLANG_WARN_SUSPICIOUS_MOVE = YES;
				CLANG_WARN_UNGUARDED_AVAILABILITY = YES_AGGRESSIVE;
				CLANG_WARN_UNREACHABLE_CODE = YES;
				CLANG_WARN__DUPLICATE_METHOD_MATCH = YES;
				CODE_SIGN_IDENTITY = "iPhone Developer";
				COPY_PHASE_STRIP = NO;
				DEBUG_INFORMATION_FORMAT = "dwarf-with-dsym";
				ENABLE_NS_ASSERTIONS = NO;
				ENABLE_STRICT_OBJC_MSGSEND = YES;
				GCC_C_LANGUAGE_STANDARD = gnu11;
				GCC_NO_COMMON_BLOCKS = YES;
				GCC_WARN_64_TO_32_BIT_CONVERSION = YES;
				GCC_WARN_ABOUT_RETURN_TYPE = YES_ERROR;
				GCC_WARN_UNDECLARED_SELECTOR = YES;
				GCC_WARN_UNINITIALIZED_AUTOS = YES_AGGRESSIVE;
				GCC_WARN_UNUSED_FUNCTION = YES;
				GCC_WARN_UNUSED_VARIABLE = YES;
				IPHONEOS_DEPLOYMENT_TARGET = 11.3;
				MTL_ENABLE_DEBUG_INFO = NO;
				SDKROOT = iphoneos;
				SWIFT_COMPILATION_MODE = wholemodule;
				SWIFT_OPTIMIZATION_LEVEL = "-O";
				VALIDATE_PRODUCT = YES;
			};
			name = Release;
		};
		15226E41209B20D1001B5C90 /* Debug */ = {
			isa = XCBuildConfiguration;
			baseConfigurationReference = 976F29E901CA186A5E77D189 /* Pods-simpleRxSwift.debug.xcconfig */;
			buildSettings = {
				ASSETCATALOG_COMPILER_APPICON_NAME = AppIcon;
				CODE_SIGN_STYLE = Automatic;
				DEVELOPMENT_TEAM = 65VW7XZNV5;
				INFOPLIST_FILE = simpleRxSwift/Info.plist;
				LD_RUNPATH_SEARCH_PATHS = (
					"$(inherited)",
					"@executable_path/Frameworks",
				);
				PRODUCT_BUNDLE_IDENTIFIER = yamakentoc.simpleRxSwift;
				PRODUCT_NAME = "$(TARGET_NAME)";
				SWIFT_VERSION = 4.0;
				TARGETED_DEVICE_FAMILY = "1,2";
			};
			name = Debug;
		};
		15226E42209B20D1001B5C90 /* Release */ = {
			isa = XCBuildConfiguration;
			baseConfigurationReference = 4272AC69DA012BEE339AA1E2 /* Pods-simpleRxSwift.release.xcconfig */;
			buildSettings = {
				ASSETCATALOG_COMPILER_APPICON_NAME = AppIcon;
				CODE_SIGN_STYLE = Automatic;
				DEVELOPMENT_TEAM = 65VW7XZNV5;
				INFOPLIST_FILE = simpleRxSwift/Info.plist;
				LD_RUNPATH_SEARCH_PATHS = (
					"$(inherited)",
					"@executable_path/Frameworks",
				);
				PRODUCT_BUNDLE_IDENTIFIER = yamakentoc.simpleRxSwift;
				PRODUCT_NAME = "$(TARGET_NAME)";
				SWIFT_VERSION = 4.0;
				TARGETED_DEVICE_FAMILY = "1,2";
			};
			name = Release;
		};
/* End XCBuildConfiguration section */

/* Begin XCConfigurationList section */
		15226E29209B20D0001B5C90 /* Build configuration list for PBXProject "simpleRxSwift" */ = {
			isa = XCConfigurationList;
			buildConfigurations = (
				15226E3E209B20D1001B5C90 /* Debug */,
				15226E3F209B20D1001B5C90 /* Release */,
			);
			defaultConfigurationIsVisible = 0;
			defaultConfigurationName = Release;
		};
		15226E40209B20D1001B5C90 /* Build configuration list for PBXNativeTarget "simpleRxSwift" */ = {
			isa = XCConfigurationList;
			buildConfigurations = (
				15226E41209B20D1001B5C90 /* Debug */,
				15226E42209B20D1001B5C90 /* Release */,
			);
			defaultConfigurationIsVisible = 0;
			defaultConfigurationName = Release;
		};
/* End XCConfigurationList section */
	};
	rootObject = 15226E26209B20D0001B5C90 /* Project object */;
}
